// !$*UTF8*$!
{
	archiveVersion = 1;
	classes = {
	};
	objectVersion = 56;
	objects = {

/* Begin PBXBuildFile section */
		3F1910712958BDE300E3ED3A /* Menu.swift in Sources */ = {isa = PBXBuildFile; fileRef = 3F1910702958BDE300E3ED3A /* Menu.swift */; };
		3F1910742958BF3F00E3ED3A /* DisplayMenu.swift in Sources */ = {isa = PBXBuildFile; fileRef = 3F1910732958BF3F00E3ED3A /* DisplayMenu.swift */; };
		3F1910772958C31D00E3ED3A /* PaymentView.swift in Sources */ = {isa = PBXBuildFile; fileRef = 3F1910762958C31D00E3ED3A /* PaymentView.swift */; };
		3F1910792958C35600E3ED3A /* AddressView.swift in Sources */ = {isa = PBXBuildFile; fileRef = 3F1910782958C35600E3ED3A /* AddressView.swift */; };
		3F19107B2958C39C00E3ED3A /* ReviewView.swift in Sources */ = {isa = PBXBuildFile; fileRef = 3F19107A2958C39C00E3ED3A /* ReviewView.swift */; };
		3F19107D2958CC4B00E3ED3A /* ApplePayButton.swift in Sources */ = {isa = PBXBuildFile; fileRef = 3F19107C2958CC4B00E3ED3A /* ApplePayButton.swift */; };
		3F60FA232952E70E006DB0D9 /* SADOApp.swift in Sources */ = {isa = PBXBuildFile; fileRef = 3F60FA222952E70E006DB0D9 /* SADOApp.swift */; };
		3F60FA252952E70E006DB0D9 /* ContentView.swift in Sources */ = {isa = PBXBuildFile; fileRef = 3F60FA242952E70E006DB0D9 /* ContentView.swift */; };
		3F60FA272952E711006DB0D9 /* Assets.xcassets in Resources */ = {isa = PBXBuildFile; fileRef = 3F60FA262952E711006DB0D9 /* Assets.xcassets */; };
		3F60FA2A2952E711006DB0D9 /* Preview Assets.xcassets in Resources */ = {isa = PBXBuildFile; fileRef = 3F60FA292952E711006DB0D9 /* Preview Assets.xcassets */; };
		3F60FA342952E711006DB0D9 /* SADOTests.swift in Sources */ = {isa = PBXBuildFile; fileRef = 3F60FA332952E711006DB0D9 /* SADOTests.swift */; };
		3F60FA3E2952E711006DB0D9 /* SADOUITests.swift in Sources */ = {isa = PBXBuildFile; fileRef = 3F60FA3D2952E711006DB0D9 /* SADOUITests.swift */; };
		3F60FA402952E711006DB0D9 /* SADOUITestsLaunchTests.swift in Sources */ = {isa = PBXBuildFile; fileRef = 3F60FA3F2952E711006DB0D9 /* SADOUITestsLaunchTests.swift */; };
		3F60FA562952EBE3006DB0D9 /* Cart.swift in Sources */ = {isa = PBXBuildFile; fileRef = 3F60FA552952EBE3006DB0D9 /* Cart.swift */; };
		3F60FA582952EC2D006DB0D9 /* Account.swift in Sources */ = {isa = PBXBuildFile; fileRef = 3F60FA572952EC2D006DB0D9 /* Account.swift */; };
		3F60FA5A2952EC58006DB0D9 /* Details.swift in Sources */ = {isa = PBXBuildFile; fileRef = 3F60FA592952EC58006DB0D9 /* Details.swift */; };
		3F60FA5C2952EC71006DB0D9 /* Home.swift in Sources */ = {isa = PBXBuildFile; fileRef = 3F60FA5B2952EC71006DB0D9 /* Home.swift */; };
		3F60FA5E2952EC86006DB0D9 /* SignUp.swift in Sources */ = {isa = PBXBuildFile; fileRef = 3F60FA5D2952EC86006DB0D9 /* SignUp.swift */; };
		3F8026E529564DA300549CB3 /* Checkout.swift in Sources */ = {isa = PBXBuildFile; fileRef = 3F8026E429564DA300549CB3 /* Checkout.swift */; };
		8479769E2954EAAF002799B1 /* Login.swift in Sources */ = {isa = PBXBuildFile; fileRef = 8479769D2954EAAF002799B1 /* Login.swift */; };
		AF3F07E12958F9E40035476B /* FirebaseAuth in Frameworks */ = {isa = PBXBuildFile; productRef = AF3F07E02958F9E40035476B /* FirebaseAuth */; };
		AFFB6EA92958671C00B9AEB3 /* home model.swift in Sources */ = {isa = PBXBuildFile; fileRef = AFFB6EA82958671C00B9AEB3 /* home model.swift */; };
		AFFB6EAE2958F51A00B9AEB3 /* GoogleService-Info (1).plist in Resources */ = {isa = PBXBuildFile; fileRef = AFFB6EAD2958F51A00B9AEB3 /* GoogleService-Info (1).plist */; };
/* End PBXBuildFile section */

/* Begin PBXContainerItemProxy section */
		3F60FA302952E711006DB0D9 /* PBXContainerItemProxy */ = {
			isa = PBXContainerItemProxy;
			containerPortal = 3F60FA172952E70E006DB0D9 /* Project object */;
			proxyType = 1;
			remoteGlobalIDString = 3F60FA1E2952E70E006DB0D9;
			remoteInfo = SADO;
		};
		3F60FA3A2952E711006DB0D9 /* PBXContainerItemProxy */ = {
			isa = PBXContainerItemProxy;
			containerPortal = 3F60FA172952E70E006DB0D9 /* Project object */;
			proxyType = 1;
			remoteGlobalIDString = 3F60FA1E2952E70E006DB0D9;
			remoteInfo = SADO;
		};
/* End PBXContainerItemProxy section */

/* Begin PBXFileReference section */
		3F1910702958BDE300E3ED3A /* Menu.swift */ = {isa = PBXFileReference; lastKnownFileType = sourcecode.swift; path = Menu.swift; sourceTree = "<group>"; };
		3F1910732958BF3F00E3ED3A /* DisplayMenu.swift */ = {isa = PBXFileReference; lastKnownFileType = sourcecode.swift; path = DisplayMenu.swift; sourceTree = "<group>"; };
		3F1910762958C31D00E3ED3A /* PaymentView.swift */ = {isa = PBXFileReference; lastKnownFileType = sourcecode.swift; path = PaymentView.swift; sourceTree = "<group>"; };
		3F1910782958C35600E3ED3A /* AddressView.swift */ = {isa = PBXFileReference; lastKnownFileType = sourcecode.swift; path = AddressView.swift; sourceTree = "<group>"; };
		3F19107A2958C39C00E3ED3A /* ReviewView.swift */ = {isa = PBXFileReference; lastKnownFileType = sourcecode.swift; path = ReviewView.swift; sourceTree = "<group>"; };
		3F19107C2958CC4B00E3ED3A /* ApplePayButton.swift */ = {isa = PBXFileReference; lastKnownFileType = sourcecode.swift; path = ApplePayButton.swift; sourceTree = "<group>"; };
		3F60FA1F2952E70E006DB0D9 /* SADO.app */ = {isa = PBXFileReference; explicitFileType = wrapper.application; includeInIndex = 0; path = SADO.app; sourceTree = BUILT_PRODUCTS_DIR; };
		3F60FA222952E70E006DB0D9 /* SADOApp.swift */ = {isa = PBXFileReference; lastKnownFileType = sourcecode.swift; path = SADOApp.swift; sourceTree = "<group>"; };
		3F60FA242952E70E006DB0D9 /* ContentView.swift */ = {isa = PBXFileReference; lastKnownFileType = sourcecode.swift; path = ContentView.swift; sourceTree = "<group>"; };
		3F60FA262952E711006DB0D9 /* Assets.xcassets */ = {isa = PBXFileReference; lastKnownFileType = folder.assetcatalog; path = Assets.xcassets; sourceTree = "<group>"; };
		3F60FA292952E711006DB0D9 /* Preview Assets.xcassets */ = {isa = PBXFileReference; lastKnownFileType = folder.assetcatalog; path = "Preview Assets.xcassets"; sourceTree = "<group>"; };
		3F60FA2F2952E711006DB0D9 /* SADOTests.xctest */ = {isa = PBXFileReference; explicitFileType = wrapper.cfbundle; includeInIndex = 0; path = SADOTests.xctest; sourceTree = BUILT_PRODUCTS_DIR; };
		3F60FA332952E711006DB0D9 /* SADOTests.swift */ = {isa = PBXFileReference; lastKnownFileType = sourcecode.swift; path = SADOTests.swift; sourceTree = "<group>"; };
		3F60FA392952E711006DB0D9 /* SADOUITests.xctest */ = {isa = PBXFileReference; explicitFileType = wrapper.cfbundle; includeInIndex = 0; path = SADOUITests.xctest; sourceTree = BUILT_PRODUCTS_DIR; };
		3F60FA3D2952E711006DB0D9 /* SADOUITests.swift */ = {isa = PBXFileReference; lastKnownFileType = sourcecode.swift; path = SADOUITests.swift; sourceTree = "<group>"; };
		3F60FA3F2952E711006DB0D9 /* SADOUITestsLaunchTests.swift */ = {isa = PBXFileReference; lastKnownFileType = sourcecode.swift; path = SADOUITestsLaunchTests.swift; sourceTree = "<group>"; };
		3F60FA552952EBE3006DB0D9 /* Cart.swift */ = {isa = PBXFileReference; lastKnownFileType = sourcecode.swift; path = Cart.swift; sourceTree = "<group>"; };
		3F60FA572952EC2D006DB0D9 /* Account.swift */ = {isa = PBXFileReference; lastKnownFileType = sourcecode.swift; path = Account.swift; sourceTree = "<group>"; };
		3F60FA592952EC58006DB0D9 /* Details.swift */ = {isa = PBXFileReference; lastKnownFileType = sourcecode.swift; path = Details.swift; sourceTree = "<group>"; };
		3F60FA5B2952EC71006DB0D9 /* Home.swift */ = {isa = PBXFileReference; lastKnownFileType = sourcecode.swift; path = Home.swift; sourceTree = "<group>"; };
		3F60FA5D2952EC86006DB0D9 /* SignUp.swift */ = {isa = PBXFileReference; lastKnownFileType = sourcecode.swift; path = SignUp.swift; sourceTree = "<group>"; };
		3F8026E429564DA300549CB3 /* Checkout.swift */ = {isa = PBXFileReference; lastKnownFileType = sourcecode.swift; path = Checkout.swift; sourceTree = "<group>"; };
		8479769D2954EAAF002799B1 /* Login.swift */ = {isa = PBXFileReference; lastKnownFileType = sourcecode.swift; path = Login.swift; sourceTree = "<group>"; };
		AFFB6EA82958671C00B9AEB3 /* home model.swift */ = {isa = PBXFileReference; lastKnownFileType = sourcecode.swift; path = "home model.swift"; sourceTree = "<group>"; };
		AFFB6EAA2958B36D00B9AEB3 /* Info.plist */ = {isa = PBXFileReference; lastKnownFileType = text.plist; path = Info.plist; sourceTree = "<group>"; };
		AFFB6EAD2958F51A00B9AEB3 /* GoogleService-Info (1).plist */ = {isa = PBXFileReference; fileEncoding = 4; lastKnownFileType = text.plist.xml; path = "GoogleService-Info (1).plist"; sourceTree = "<group>"; };
/* End PBXFileReference section */

/* Begin PBXFrameworksBuildPhase section */
		3F60FA1C2952E70E006DB0D9 /* Frameworks */ = {
			isa = PBXFrameworksBuildPhase;
			buildActionMask = 2147483647;
			files = (
				AF3F07E12958F9E40035476B /* FirebaseAuth in Frameworks */,
			);
			runOnlyForDeploymentPostprocessing = 0;
		};
		3F60FA2C2952E711006DB0D9 /* Frameworks */ = {
			isa = PBXFrameworksBuildPhase;
			buildActionMask = 2147483647;
			files = (
			);
			runOnlyForDeploymentPostprocessing = 0;
		};
		3F60FA362952E711006DB0D9 /* Frameworks */ = {
			isa = PBXFrameworksBuildPhase;
			buildActionMask = 2147483647;
			files = (
			);
			runOnlyForDeploymentPostprocessing = 0;
		};
/* End PBXFrameworksBuildPhase section */

/* Begin PBXGroup section */
		3F1910722958BE9400E3ED3A /* Home */ = {
			isa = PBXGroup;
			children = (
				3F60FA5B2952EC71006DB0D9 /* Home.swift */,
				AFFB6EA82958671C00B9AEB3 /* home model.swift */,
				3F1910732958BF3F00E3ED3A /* DisplayMenu.swift */,
			);
			path = Home;
			sourceTree = "<group>";
		};
		3F1910752958C2F100E3ED3A /* Cart */ = {
			isa = PBXGroup;
			children = (
				3F60FA552952EBE3006DB0D9 /* Cart.swift */,
				3F8026E429564DA300549CB3 /* Checkout.swift */,
				3F1910762958C31D00E3ED3A /* PaymentView.swift */,
				3F1910782958C35600E3ED3A /* AddressView.swift */,
				3F19107A2958C39C00E3ED3A /* ReviewView.swift */,
				3F19107C2958CC4B00E3ED3A /* ApplePayButton.swift */,
			);
			path = Cart;
			sourceTree = "<group>";
		};
		3F60FA162952E70E006DB0D9 = {
			isa = PBXGroup;
			children = (
				3F60FA212952E70E006DB0D9 /* SADO */,
				3F60FA322952E711006DB0D9 /* SADOTests */,
				3F60FA3C2952E711006DB0D9 /* SADOUITests */,
				3F60FA202952E70E006DB0D9 /* Products */,
			);
			sourceTree = "<group>";
		};
		3F60FA202952E70E006DB0D9 /* Products */ = {
			isa = PBXGroup;
			children = (
				3F60FA1F2952E70E006DB0D9 /* SADO.app */,
				3F60FA2F2952E711006DB0D9 /* SADOTests.xctest */,
				3F60FA392952E711006DB0D9 /* SADOUITests.xctest */,
			);
			name = Products;
			sourceTree = "<group>";
		};
		3F60FA212952E70E006DB0D9 /* SADO */ = {
			isa = PBXGroup;
			children = (
				AFFB6EAA2958B36D00B9AEB3 /* Info.plist */,
				AFFB6EAD2958F51A00B9AEB3 /* GoogleService-Info (1).plist */,
				3F60FA222952E70E006DB0D9 /* SADOApp.swift */,
				3F60FA242952E70E006DB0D9 /* ContentView.swift */,
				3F60FA542952EBCA006DB0D9 /* View */,
				3F60FA262952E711006DB0D9 /* Assets.xcassets */,
				3F60FA282952E711006DB0D9 /* Preview Content */,
			);
			path = SADO;
			sourceTree = "<group>";
		};
		3F60FA282952E711006DB0D9 /* Preview Content */ = {
			isa = PBXGroup;
			children = (
				3F60FA292952E711006DB0D9 /* Preview Assets.xcassets */,
			);
			path = "Preview Content";
			sourceTree = "<group>";
		};
		3F60FA322952E711006DB0D9 /* SADOTests */ = {
			isa = PBXGroup;
			children = (
				3F60FA332952E711006DB0D9 /* SADOTests.swift */,
			);
			path = SADOTests;
			sourceTree = "<group>";
		};
		3F60FA3C2952E711006DB0D9 /* SADOUITests */ = {
			isa = PBXGroup;
			children = (
				3F60FA3D2952E711006DB0D9 /* SADOUITests.swift */,
				3F60FA3F2952E711006DB0D9 /* SADOUITestsLaunchTests.swift */,
			);
			path = SADOUITests;
			sourceTree = "<group>";
		};
		3F60FA542952EBCA006DB0D9 /* View */ = {
			isa = PBXGroup;
			children = (
				3F1910752958C2F100E3ED3A /* Cart */,
				3F1910722958BE9400E3ED3A /* Home */,
				AFFB6EA7295866FB00B9AEB3 /* model */,
				3F60FA572952EC2D006DB0D9 /* Account.swift */,
				3F60FA592952EC58006DB0D9 /* Details.swift */,
				3F60FA5D2952EC86006DB0D9 /* SignUp.swift */,
				8479769D2954EAAF002799B1 /* Login.swift */,
			);
			path = View;
			sourceTree = "<group>";
		};
		AFFB6EA7295866FB00B9AEB3 /* model */ = {
			isa = PBXGroup;
			children = (
				3F1910702958BDE300E3ED3A /* Menu.swift */,
			);
			path = model;
			sourceTree = "<group>";
		};
/* End PBXGroup section */

/* Begin PBXNativeTarget section */
		3F60FA1E2952E70E006DB0D9 /* SADO */ = {
			isa = PBXNativeTarget;
			buildConfigurationList = 3F60FA432952E711006DB0D9 /* Build configuration list for PBXNativeTarget "SADO" */;
			buildPhases = (
				3F60FA1B2952E70E006DB0D9 /* Sources */,
				3F60FA1C2952E70E006DB0D9 /* Frameworks */,
				3F60FA1D2952E70E006DB0D9 /* Resources */,
			);
			buildRules = (
			);
			dependencies = (
			);
			name = SADO;
			packageProductDependencies = (
				AF3F07E02958F9E40035476B /* FirebaseAuth */,
			);
			productName = SADO;
			productReference = 3F60FA1F2952E70E006DB0D9 /* SADO.app */;
			productType = "com.apple.product-type.application";
		};
		3F60FA2E2952E711006DB0D9 /* SADOTests */ = {
			isa = PBXNativeTarget;
			buildConfigurationList = 3F60FA462952E711006DB0D9 /* Build configuration list for PBXNativeTarget "SADOTests" */;
			buildPhases = (
				3F60FA2B2952E711006DB0D9 /* Sources */,
				3F60FA2C2952E711006DB0D9 /* Frameworks */,
				3F60FA2D2952E711006DB0D9 /* Resources */,
			);
			buildRules = (
			);
			dependencies = (
				3F60FA312952E711006DB0D9 /* PBXTargetDependency */,
			);
			name = SADOTests;
			productName = SADOTests;
			productReference = 3F60FA2F2952E711006DB0D9 /* SADOTests.xctest */;
			productType = "com.apple.product-type.bundle.unit-test";
		};
		3F60FA382952E711006DB0D9 /* SADOUITests */ = {
			isa = PBXNativeTarget;
			buildConfigurationList = 3F60FA492952E711006DB0D9 /* Build configuration list for PBXNativeTarget "SADOUITests" */;
			buildPhases = (
				3F60FA352952E711006DB0D9 /* Sources */,
				3F60FA362952E711006DB0D9 /* Frameworks */,
				3F60FA372952E711006DB0D9 /* Resources */,
			);
			buildRules = (
			);
			dependencies = (
				3F60FA3B2952E711006DB0D9 /* PBXTargetDependency */,
			);
			name = SADOUITests;
			productName = SADOUITests;
			productReference = 3F60FA392952E711006DB0D9 /* SADOUITests.xctest */;
			productType = "com.apple.product-type.bundle.ui-testing";
		};
/* End PBXNativeTarget section */

/* Begin PBXProject section */
		3F60FA172952E70E006DB0D9 /* Project object */ = {
			isa = PBXProject;
			attributes = {
				BuildIndependentTargetsInParallel = 1;
				LastSwiftUpdateCheck = 1420;
				LastUpgradeCheck = 1420;
				TargetAttributes = {
					3F60FA1E2952E70E006DB0D9 = {
						CreatedOnToolsVersion = 14.2;
					};
					3F60FA2E2952E711006DB0D9 = {
						CreatedOnToolsVersion = 14.2;
						TestTargetID = 3F60FA1E2952E70E006DB0D9;
					};
					3F60FA382952E711006DB0D9 = {
						CreatedOnToolsVersion = 14.2;
						TestTargetID = 3F60FA1E2952E70E006DB0D9;
					};
				};
			};
			buildConfigurationList = 3F60FA1A2952E70E006DB0D9 /* Build configuration list for PBXProject "SADO" */;
			compatibilityVersion = "Xcode 14.0";
			developmentRegion = en;
			hasScannedForEncodings = 0;
			knownRegions = (
				en,
				Base,
			);
			mainGroup = 3F60FA162952E70E006DB0D9;
			packageReferences = (
				AF3F07DF2958F9E40035476B /* XCRemoteSwiftPackageReference "firebase-ios-sdk" */,
			);
			productRefGroup = 3F60FA202952E70E006DB0D9 /* Products */;
			projectDirPath = "";
			projectRoot = "";
			targets = (
				3F60FA1E2952E70E006DB0D9 /* SADO */,
				3F60FA2E2952E711006DB0D9 /* SADOTests */,
				3F60FA382952E711006DB0D9 /* SADOUITests */,
			);
		};
/* End PBXProject section */

/* Begin PBXResourcesBuildPhase section */
		3F60FA1D2952E70E006DB0D9 /* Resources */ = {
			isa = PBXResourcesBuildPhase;
			buildActionMask = 2147483647;
			files = (
				3F60FA2A2952E711006DB0D9 /* Preview Assets.xcassets in Resources */,
				AFFB6EAE2958F51A00B9AEB3 /* GoogleService-Info (1).plist in Resources */,
				3F60FA272952E711006DB0D9 /* Assets.xcassets in Resources */,
			);
			runOnlyForDeploymentPostprocessing = 0;
		};
		3F60FA2D2952E711006DB0D9 /* Resources */ = {
			isa = PBXResourcesBuildPhase;
			buildActionMask = 2147483647;
			files = (
			);
			runOnlyForDeploymentPostprocessing = 0;
		};
		3F60FA372952E711006DB0D9 /* Resources */ = {
			isa = PBXResourcesBuildPhase;
			buildActionMask = 2147483647;
			files = (
			);
			runOnlyForDeploymentPostprocessing = 0;
		};
/* End PBXResourcesBuildPhase section */

/* Begin PBXSourcesBuildPhase section */
		3F60FA1B2952E70E006DB0D9 /* Sources */ = {
			isa = PBXSourcesBuildPhase;
			buildActionMask = 2147483647;
			files = (
				3F60FA5E2952EC86006DB0D9 /* SignUp.swift in Sources */,
				3F60FA252952E70E006DB0D9 /* ContentView.swift in Sources */,
				3F60FA5A2952EC58006DB0D9 /* Details.swift in Sources */,
				3F8026E529564DA300549CB3 /* Checkout.swift in Sources */,
				3F60FA582952EC2D006DB0D9 /* Account.swift in Sources */,
				3F1910712958BDE300E3ED3A /* Menu.swift in Sources */,
				3F60FA562952EBE3006DB0D9 /* Cart.swift in Sources */,
				3F19107D2958CC4B00E3ED3A /* ApplePayButton.swift in Sources */,
				3F1910792958C35600E3ED3A /* AddressView.swift in Sources */,
				3F1910772958C31D00E3ED3A /* PaymentView.swift in Sources */,
				3F60FA5C2952EC71006DB0D9 /* Home.swift in Sources */,
				3F19107B2958C39C00E3ED3A /* ReviewView.swift in Sources */,
				AFFB6EA92958671C00B9AEB3 /* home model.swift in Sources */,
				3F60FA232952E70E006DB0D9 /* SADOApp.swift in Sources */,
				8479769E2954EAAF002799B1 /* Login.swift in Sources */,
				3F1910742958BF3F00E3ED3A /* DisplayMenu.swift in Sources */,
			);
			runOnlyForDeploymentPostprocessing = 0;
		};
		3F60FA2B2952E711006DB0D9 /* Sources */ = {
			isa = PBXSourcesBuildPhase;
			buildActionMask = 2147483647;
			files = (
				3F60FA342952E711006DB0D9 /* SADOTests.swift in Sources */,
			);
			runOnlyForDeploymentPostprocessing = 0;
		};
		3F60FA352952E711006DB0D9 /* Sources */ = {
			isa = PBXSourcesBuildPhase;
			buildActionMask = 2147483647;
			files = (
				3F60FA3E2952E711006DB0D9 /* SADOUITests.swift in Sources */,
				3F60FA402952E711006DB0D9 /* SADOUITestsLaunchTests.swift in Sources */,
			);
			runOnlyForDeploymentPostprocessing = 0;
		};
/* End PBXSourcesBuildPhase section */

/* Begin PBXTargetDependency section */
		3F60FA312952E711006DB0D9 /* PBXTargetDependency */ = {
			isa = PBXTargetDependency;
			target = 3F60FA1E2952E70E006DB0D9 /* SADO */;
			targetProxy = 3F60FA302952E711006DB0D9 /* PBXContainerItemProxy */;
		};
		3F60FA3B2952E711006DB0D9 /* PBXTargetDependency */ = {
			isa = PBXTargetDependency;
			target = 3F60FA1E2952E70E006DB0D9 /* SADO */;
			targetProxy = 3F60FA3A2952E711006DB0D9 /* PBXContainerItemProxy */;
		};
/* End PBXTargetDependency section */

/* Begin XCBuildConfiguration section */
		3F60FA412952E711006DB0D9 /* Debug */ = {
			isa = XCBuildConfiguration;
			buildSettings = {
				ALWAYS_SEARCH_USER_PATHS = NO;
				CLANG_ANALYZER_NONNULL = YES;
				CLANG_ANALYZER_NUMBER_OBJECT_CONVERSION = YES_AGGRESSIVE;
				CLANG_CXX_LANGUAGE_STANDARD = "gnu++20";
				CLANG_ENABLE_MODULES = YES;
				CLANG_ENABLE_OBJC_ARC = YES;
				CLANG_ENABLE_OBJC_WEAK = YES;
				CLANG_WARN_BLOCK_CAPTURE_AUTORELEASING = YES;
				CLANG_WARN_BOOL_CONVERSION = YES;
				CLANG_WARN_COMMA = YES;
				CLANG_WARN_CONSTANT_CONVERSION = YES;
				CLANG_WARN_DEPRECATED_OBJC_IMPLEMENTATIONS = YES;
				CLANG_WARN_DIRECT_OBJC_ISA_USAGE = YES_ERROR;
				CLANG_WARN_DOCUMENTATION_COMMENTS = YES;
				CLANG_WARN_EMPTY_BODY = YES;
				CLANG_WARN_ENUM_CONVERSION = YES;
				CLANG_WARN_INFINITE_RECURSION = YES;
				CLANG_WARN_INT_CONVERSION = YES;
				CLANG_WARN_NON_LITERAL_NULL_CONVERSION = YES;
				CLANG_WARN_OBJC_IMPLICIT_RETAIN_SELF = YES;
				CLANG_WARN_OBJC_LITERAL_CONVERSION = YES;
				CLANG_WARN_OBJC_ROOT_CLASS = YES_ERROR;
				CLANG_WARN_QUOTED_INCLUDE_IN_FRAMEWORK_HEADER = YES;
				CLANG_WARN_RANGE_LOOP_ANALYSIS = YES;
				CLANG_WARN_STRICT_PROTOTYPES = YES;
				CLANG_WARN_SUSPICIOUS_MOVE = YES;
				CLANG_WARN_UNGUARDED_AVAILABILITY = YES_AGGRESSIVE;
				CLANG_WARN_UNREACHABLE_CODE = YES;
				CLANG_WARN__DUPLICATE_METHOD_MATCH = YES;
				COPY_PHASE_STRIP = NO;
				DEBUG_INFORMATION_FORMAT = dwarf;
				ENABLE_STRICT_OBJC_MSGSEND = YES;
				ENABLE_TESTABILITY = YES;
				GCC_C_LANGUAGE_STANDARD = gnu11;
				GCC_DYNAMIC_NO_PIC = NO;
				GCC_NO_COMMON_BLOCKS = YES;
				GCC_OPTIMIZATION_LEVEL = 0;
				GCC_PREPROCESSOR_DEFINITIONS = (
					"DEBUG=1",
					"$(inherited)",
				);
				GCC_WARN_64_TO_32_BIT_CONVERSION = YES;
				GCC_WARN_ABOUT_RETURN_TYPE = YES_ERROR;
				GCC_WARN_UNDECLARED_SELECTOR = YES;
				GCC_WARN_UNINITIALIZED_AUTOS = YES_AGGRESSIVE;
				GCC_WARN_UNUSED_FUNCTION = YES;
				GCC_WARN_UNUSED_VARIABLE = YES;
				IPHONEOS_DEPLOYMENT_TARGET = 16.2;
				MTL_ENABLE_DEBUG_INFO = INCLUDE_SOURCE;
				MTL_FAST_MATH = YES;
				ONLY_ACTIVE_ARCH = YES;
				SDKROOT = iphoneos;
				SWIFT_ACTIVE_COMPILATION_CONDITIONS = DEBUG;
				SWIFT_OPTIMIZATION_LEVEL = "-Onone";
			};
			name = Debug;
		};
		3F60FA422952E711006DB0D9 /* Release */ = {
			isa = XCBuildConfiguration;
			buildSettings = {
				ALWAYS_SEARCH_USER_PATHS = NO;
				CLANG_ANALYZER_NONNULL = YES;
				CLANG_ANALYZER_NUMBER_OBJECT_CONVERSION = YES_AGGRESSIVE;
				CLANG_CXX_LANGUAGE_STANDARD = "gnu++20";
				CLANG_ENABLE_MODULES = YES;
				CLANG_ENABLE_OBJC_ARC = YES;
				CLANG_ENABLE_OBJC_WEAK = YES;
				CLANG_WARN_BLOCK_CAPTURE_AUTORELEASING = YES;
				CLANG_WARN_BOOL_CONVERSION = YES;
				CLANG_WARN_COMMA = YES;
				CLANG_WARN_CONSTANT_CONVERSION = YES;
				CLANG_WARN_DEPRECATED_OBJC_IMPLEMENTATIONS = YES;
				CLANG_WARN_DIRECT_OBJC_ISA_USAGE = YES_ERROR;
				CLANG_WARN_DOCUMENTATION_COMMENTS = YES;
				CLANG_WARN_EMPTY_BODY = YES;
				CLANG_WARN_ENUM_CONVERSION = YES;
				CLANG_WARN_INFINITE_RECURSION = YES;
				CLANG_WARN_INT_CONVERSION = YES;
				CLANG_WARN_NON_LITERAL_NULL_CONVERSION = YES;
				CLANG_WARN_OBJC_IMPLICIT_RETAIN_SELF = YES;
				CLANG_WARN_OBJC_LITERAL_CONVERSION = YES;
				CLANG_WARN_OBJC_ROOT_CLASS = YES_ERROR;
				CLANG_WARN_QUOTED_INCLUDE_IN_FRAMEWORK_HEADER = YES;
				CLANG_WARN_RANGE_LOOP_ANALYSIS = YES;
				CLANG_WARN_STRICT_PROTOTYPES = YES;
				CLANG_WARN_SUSPICIOUS_MOVE = YES;
				CLANG_WARN_UNGUARDED_AVAILABILITY = YES_AGGRESSIVE;
				CLANG_WARN_UNREACHABLE_CODE = YES;
				CLANG_WARN__DUPLICATE_METHOD_MATCH = YES;
				COPY_PHASE_STRIP = NO;
				DEBUG_INFORMATION_FORMAT = "dwarf-with-dsym";
				ENABLE_NS_ASSERTIONS = NO;
				ENABLE_STRICT_OBJC_MSGSEND = YES;
				GCC_C_LANGUAGE_STANDARD = gnu11;
				GCC_NO_COMMON_BLOCKS = YES;
				GCC_WARN_64_TO_32_BIT_CONVERSION = YES;
				GCC_WARN_ABOUT_RETURN_TYPE = YES_ERROR;
				GCC_WARN_UNDECLARED_SELECTOR = YES;
				GCC_WARN_UNINITIALIZED_AUTOS = YES_AGGRESSIVE;
				GCC_WARN_UNUSED_FUNCTION = YES;
				GCC_WARN_UNUSED_VARIABLE = YES;
				IPHONEOS_DEPLOYMENT_TARGET = 16.2;
				MTL_ENABLE_DEBUG_INFO = NO;
				MTL_FAST_MATH = YES;
				SDKROOT = iphoneos;
				SWIFT_COMPILATION_MODE = wholemodule;
				SWIFT_OPTIMIZATION_LEVEL = "-O";
				VALIDATE_PRODUCT = YES;
			};
			name = Release;
		};
		3F60FA442952E711006DB0D9 /* Debug */ = {
			isa = XCBuildConfiguration;
			buildSettings = {
				ASSETCATALOG_COMPILER_APPICON_NAME = AppIcon;
				ASSETCATALOG_COMPILER_GLOBAL_ACCENT_COLOR_NAME = AccentColor;
				CODE_SIGN_STYLE = Automatic;
				CURRENT_PROJECT_VERSION = 1;
				DEVELOPMENT_ASSET_PATHS = "\"SADO/Preview Content\"";
				DEVELOPMENT_TEAM = JUC4L686BB;
				ENABLE_PREVIEWS = YES;
				GENERATE_INFOPLIST_FILE = YES;
				INFOPLIST_FILE = SADO/Info.plist;
				INFOPLIST_KEY_UIApplicationSceneManifest_Generation = YES;
				INFOPLIST_KEY_UIApplicationSupportsIndirectInputEvents = YES;
				INFOPLIST_KEY_UISupportedInterfaceOrientations_iPad = "UIInterfaceOrientationPortrait UIInterfaceOrientationPortraitUpsideDown UIInterfaceOrientationLandscapeLeft UIInterfaceOrientationLandscapeRight";
				INFOPLIST_KEY_UISupportedInterfaceOrientations_iPhone = "UIInterfaceOrientationPortrait UIInterfaceOrientationLandscapeLeft UIInterfaceOrientationLandscapeRight";
				IPHONEOS_DEPLOYMENT_TARGET = 16.0;
				LD_RUNPATH_SEARCH_PATHS = (
					"$(inherited)",
					"@executable_path/Frameworks",
				);
				MARKETING_VERSION = 1.0;
				PRODUCT_BUNDLE_IDENTIFIER = "Aamer-Essa.SADO";
				PRODUCT_NAME = "$(TARGET_NAME)";
				SWIFT_EMIT_LOC_STRINGS = YES;
				SWIFT_VERSION = 5.0;
				TARGETED_DEVICE_FAMILY = "1,2";
			};
			name = Debug;
		};
		3F60FA452952E711006DB0D9 /* Release */ = {
			isa = XCBuildConfiguration;
			buildSettings = {
				ASSETCATALOG_COMPILER_APPICON_NAME = AppIcon;
				ASSETCATALOG_COMPILER_GLOBAL_ACCENT_COLOR_NAME = AccentColor;
				CODE_SIGN_STYLE = Automatic;
				CURRENT_PROJECT_VERSION = 1;
				DEVELOPMENT_ASSET_PATHS = "\"SADO/Preview Content\"";
				DEVELOPMENT_TEAM = JUC4L686BB;
				ENABLE_PREVIEWS = YES;
				GENERATE_INFOPLIST_FILE = YES;
				INFOPLIST_FILE = SADO/Info.plist;
				INFOPLIST_KEY_UIApplicationSceneManifest_Generation = YES;
				INFOPLIST_KEY_UIApplicationSupportsIndirectInputEvents = YES;
				INFOPLIST_KEY_UISupportedInterfaceOrientations_iPad = "UIInterfaceOrientationPortrait UIInterfaceOrientationPortraitUpsideDown UIInterfaceOrientationLandscapeLeft UIInterfaceOrientationLandscapeRight";
				INFOPLIST_KEY_UISupportedInterfaceOrientations_iPhone = "UIInterfaceOrientationPortrait UIInterfaceOrientationLandscapeLeft UIInterfaceOrientationLandscapeRight";
				IPHONEOS_DEPLOYMENT_TARGET = 16.0;
				LD_RUNPATH_SEARCH_PATHS = (
					"$(inherited)",
					"@executable_path/Frameworks",
				);
				MARKETING_VERSION = 1.0;
				PRODUCT_BUNDLE_IDENTIFIER = "Aamer-Essa.SADO";
				PRODUCT_NAME = "$(TARGET_NAME)";
				SWIFT_EMIT_LOC_STRINGS = YES;
				SWIFT_VERSION = 5.0;
				TARGETED_DEVICE_FAMILY = "1,2";
			};
			name = Release;
		};
		3F60FA472952E711006DB0D9 /* Debug */ = {
			isa = XCBuildConfiguration;
			buildSettings = {
				ALWAYS_EMBED_SWIFT_STANDARD_LIBRARIES = YES;
				BUNDLE_LOADER = "$(TEST_HOST)";
				CODE_SIGN_STYLE = Automatic;
				CURRENT_PROJECT_VERSION = 1;
				DEVELOPMENT_TEAM = 9W9M3JPL7S;
				GENERATE_INFOPLIST_FILE = YES;
				IPHONEOS_DEPLOYMENT_TARGET = 16.2;
				MARKETING_VERSION = 1.0;
				PRODUCT_BUNDLE_IDENTIFIER = "Aamer-Essa.SADOTests";
				PRODUCT_NAME = "$(TARGET_NAME)";
				SWIFT_EMIT_LOC_STRINGS = NO;
				SWIFT_VERSION = 5.0;
				TARGETED_DEVICE_FAMILY = "1,2";
				TEST_HOST = "$(BUILT_PRODUCTS_DIR)/SADO.app/$(BUNDLE_EXECUTABLE_FOLDER_PATH)/SADO";
			};
			name = Debug;
		};
		3F60FA482952E711006DB0D9 /* Release */ = {
			isa = XCBuildConfiguration;
			buildSettings = {
				ALWAYS_EMBED_SWIFT_STANDARD_LIBRARIES = YES;
				BUNDLE_LOADER = "$(TEST_HOST)";
				CODE_SIGN_STYLE = Automatic;
				CURRENT_PROJECT_VERSION = 1;
				DEVELOPMENT_TEAM = 9W9M3JPL7S;
				GENERATE_INFOPLIST_FILE = YES;
				IPHONEOS_DEPLOYMENT_TARGET = 16.2;
				MARKETING_VERSION = 1.0;
				PRODUCT_BUNDLE_IDENTIFIER = "Aamer-Essa.SADOTests";
				PRODUCT_NAME = "$(TARGET_NAME)";
				SWIFT_EMIT_LOC_STRINGS = NO;
				SWIFT_VERSION = 5.0;
				TARGETED_DEVICE_FAMILY = "1,2";
				TEST_HOST = "$(BUILT_PRODUCTS_DIR)/SADO.app/$(BUNDLE_EXECUTABLE_FOLDER_PATH)/SADO";
			};
			name = Release;
		};
		3F60FA4A2952E711006DB0D9 /* Debug */ = {
			isa = XCBuildConfiguration;
			buildSettings = {
				ALWAYS_EMBED_SWIFT_STANDARD_LIBRARIES = YES;
				CODE_SIGN_STYLE = Automatic;
				CURRENT_PROJECT_VERSION = 1;
				DEVELOPMENT_TEAM = 9W9M3JPL7S;
				GENERATE_INFOPLIST_FILE = YES;
				MARKETING_VERSION = 1.0;
				PRODUCT_BUNDLE_IDENTIFIER = "Aamer-Essa.SADOUITests";
				PRODUCT_NAME = "$(TARGET_NAME)";
				SWIFT_EMIT_LOC_STRINGS = NO;
				SWIFT_VERSION = 5.0;
				TARGETED_DEVICE_FAMILY = "1,2";
				TEST_TARGET_NAME = SADO;
			};
			name = Debug;
		};
		3F60FA4B2952E711006DB0D9 /* Release */ = {
			isa = XCBuildConfiguration;
			buildSettings = {
				ALWAYS_EMBED_SWIFT_STANDARD_LIBRARIES = YES;
				CODE_SIGN_STYLE = Automatic;
				CURRENT_PROJECT_VERSION = 1;
				DEVELOPMENT_TEAM = 9W9M3JPL7S;
				GENERATE_INFOPLIST_FILE = YES;
				MARKETING_VERSION = 1.0;
				PRODUCT_BUNDLE_IDENTIFIER = "Aamer-Essa.SADOUITests";
				PRODUCT_NAME = "$(TARGET_NAME)";
				SWIFT_EMIT_LOC_STRINGS = NO;
				SWIFT_VERSION = 5.0;
				TARGETED_DEVICE_FAMILY = "1,2";
				TEST_TARGET_NAME = SADO;
			};
			name = Release;
		};
/* End XCBuildConfiguration section */

/* Begin XCConfigurationList section */
		3F60FA1A2952E70E006DB0D9 /* Build configuration list for PBXProject "SADO" */ = {
			isa = XCConfigurationList;
			buildConfigurations = (
				3F60FA412952E711006DB0D9 /* Debug */,
				3F60FA422952E711006DB0D9 /* Release */,
			);
			defaultConfigurationIsVisible = 0;
			defaultConfigurationName = Release;
		};
		3F60FA432952E711006DB0D9 /* Build configuration list for PBXNativeTarget "SADO" */ = {
			isa = XCConfigurationList;
			buildConfigurations = (
				3F60FA442952E711006DB0D9 /* Debug */,
				3F60FA452952E711006DB0D9 /* Release */,
			);
			defaultConfigurationIsVisible = 0;
			defaultConfigurationName = Release;
		};
		3F60FA462952E711006DB0D9 /* Build configuration list for PBXNativeTarget "SADOTests" */ = {
			isa = XCConfigurationList;
			buildConfigurations = (
				3F60FA472952E711006DB0D9 /* Debug */,
				3F60FA482952E711006DB0D9 /* Release */,
			);
			defaultConfigurationIsVisible = 0;
			defaultConfigurationName = Release;
		};
		3F60FA492952E711006DB0D9 /* Build configuration list for PBXNativeTarget "SADOUITests" */ = {
			isa = XCConfigurationList;
			buildConfigurations = (
				3F60FA4A2952E711006DB0D9 /* Debug */,
				3F60FA4B2952E711006DB0D9 /* Release */,
			);
			defaultConfigurationIsVisible = 0;
			defaultConfigurationName = Release;
		};
/* End XCConfigurationList section */

/* Begin XCRemoteSwiftPackageReference section */
		AF3F07DF2958F9E40035476B /* XCRemoteSwiftPackageReference "firebase-ios-sdk" */ = {
			isa = XCRemoteSwiftPackageReference;
			repositoryURL = "https://github.com/firebase/firebase-ios-sdk";
			requirement = {
				branch = master;
				kind = branch;
			};
		};
/* End XCRemoteSwiftPackageReference section */

/* Begin XCSwiftPackageProductDependency section */
		AF3F07E02958F9E40035476B /* FirebaseAuth */ = {
			isa = XCSwiftPackageProductDependency;
			package = AF3F07DF2958F9E40035476B /* XCRemoteSwiftPackageReference "firebase-ios-sdk" */;
			productName = FirebaseAuth;
		};
/* End XCSwiftPackageProductDependency section */
	};
	rootObject = 3F60FA172952E70E006DB0D9 /* Project object */;
}
